# This file is automatically @generated by Poetry and should not be changed by hand.

[[package]]
name = "attrs"
version = "22.2.0"
description = "Classes Without Boilerplate"
category = "dev"
optional = false
python-versions = ">=3.6"
files = [
    {file = "attrs-22.2.0-py3-none-any.whl", hash = "sha256:29e95c7f6778868dbd49170f98f8818f78f3dc5e0e37c0b1f474e3561b240836"},
    {file = "attrs-22.2.0.tar.gz", hash = "sha256:c9227bfc2f01993c03f68db37d1d15c9690188323c067c641f1a35ca58185f99"},
]

[package.extras]
cov = ["attrs[tests]", "coverage-enable-subprocess", "coverage[toml] (>=5.3)"]
dev = ["attrs[docs,tests]"]
docs = ["furo", "myst-parser", "sphinx", "sphinx-notfound-page", "sphinxcontrib-towncrier", "towncrier", "zope.interface"]
tests = ["attrs[tests-no-zope]", "zope.interface"]
tests-no-zope = ["cloudpickle", "cloudpickle", "hypothesis", "hypothesis", "mypy (>=0.971,<0.990)", "mypy (>=0.971,<0.990)", "pympler", "pympler", "pytest (>=4.3.0)", "pytest (>=4.3.0)", "pytest-mypy-plugins", "pytest-mypy-plugins", "pytest-xdist[psutil]", "pytest-xdist[psutil]"]

[[package]]
name = "colorama"
version = "0.4.6"
description = "Cross-platform colored terminal text."
category = "dev"
optional = false
python-versions = "!=3.0.*,!=3.1.*,!=3.2.*,!=3.3.*,!=3.4.*,!=3.5.*,!=3.6.*,>=2.7"
files = [
    {file = "colorama-0.4.6-py2.py3-none-any.whl", hash = "sha256:4f1d9991f5acc0ca119f9d443620b77f9d6b33703e51011c16baf57afb285fc6"},
    {file = "colorama-0.4.6.tar.gz", hash = "sha256:08695f5cb7ed6e0531a20572697297273c47b8cae5a63ffc6d6ed5c201be6e44"},
]

[[package]]
name = "coverage"
version = "7.5.2"
description = "Code coverage measurement for Python"
category = "dev"
optional = false
python-versions = ">=3.8"
files = [
    {file = "coverage-7.5.2-cp310-cp310-macosx_10_9_x86_64.whl", hash = "sha256:554c7327bf0fd688050348e22db7c8e163fb7219f3ecdd4732d7ed606b417263"},
    {file = "coverage-7.5.2-cp310-cp310-macosx_11_0_arm64.whl", hash = "sha256:d0305e02e40c7cfea5d08d6368576537a74c0eea62b77633179748d3519d6705"},
    {file = "coverage-7.5.2-cp310-cp310-manylinux_2_17_aarch64.manylinux2014_aarch64.whl", hash = "sha256:829fb55ad437d757c70d5b1c51cfda9377f31506a0a3f3ac282bc6a387d6a5f1"},
    {file = "coverage-7.5.2-cp310-cp310-manylinux_2_5_i686.manylinux1_i686.manylinux_2_17_i686.manylinux2014_i686.whl", hash = "sha256:894b1acded706f1407a662d08e026bfd0ff1e59e9bd32062fea9d862564cfb65"},
    {file = "coverage-7.5.2-cp310-cp310-manylinux_2_5_x86_64.manylinux1_x86_64.manylinux_2_17_x86_64.manylinux2014_x86_64.whl", hash = "sha256:fe76d6dee5e4febefa83998b17926df3a04e5089e3d2b1688c74a9157798d7a2"},
    {file = "coverage-7.5.2-cp310-cp310-musllinux_1_1_aarch64.whl", hash = "sha256:c7ebf2a37e4f5fea3c1a11e1f47cea7d75d0f2d8ef69635ddbd5c927083211fc"},
    {file = "coverage-7.5.2-cp310-cp310-musllinux_1_1_i686.whl", hash = "sha256:20e611fc36e1a0fc7bbf957ef9c635c8807d71fbe5643e51b2769b3cc0fb0b51"},
    {file = "coverage-7.5.2-cp310-cp310-musllinux_1_1_x86_64.whl", hash = "sha256:7c5c5b7ae2763533152880d5b5b451acbc1089ade2336b710a24b2b0f5239d20"},
    {file = "coverage-7.5.2-cp310-cp310-win32.whl", hash = "sha256:1e4225990a87df898e40ca31c9e830c15c2c53b1d33df592bc8ef314d71f0281"},
    {file = "coverage-7.5.2-cp310-cp310-win_amd64.whl", hash = "sha256:976cd92d9420e6e2aa6ce6a9d61f2b490e07cb468968adf371546b33b829284b"},
    {file = "coverage-7.5.2-cp311-cp311-macosx_10_9_x86_64.whl", hash = "sha256:5997d418c219dcd4dcba64e50671cca849aaf0dac3d7a2eeeb7d651a5bd735b8"},
    {file = "coverage-7.5.2-cp311-cp311-macosx_11_0_arm64.whl", hash = "sha256:ec27e93bbf5976f0465e8936f02eb5add99bbe4e4e7b233607e4d7622912d68d"},
    {file = "coverage-7.5.2-cp311-cp311-manylinux_2_17_aarch64.manylinux2014_aarch64.whl", hash = "sha256:1f11f98753800eb1ec872562a398081f6695f91cd01ce39819e36621003ec52a"},
    {file = "coverage-7.5.2-cp311-cp311-manylinux_2_5_i686.manylinux1_i686.manylinux_2_17_i686.manylinux2014_i686.whl", hash = "sha256:6e34680049eecb30b6498784c9637c1c74277dcb1db75649a152f8004fbd6646"},
    {file = "coverage-7.5.2-cp311-cp311-manylinux_2_5_x86_64.manylinux1_x86_64.manylinux_2_17_x86_64.manylinux2014_x86_64.whl", hash = "sha256:3e12536446ad4527ac8ed91d8a607813085683bcce27af69e3b31cd72b3c5960"},
    {file = "coverage-7.5.2-cp311-cp311-musllinux_1_1_aarch64.whl", hash = "sha256:3d3f7744b8a8079d69af69d512e5abed4fb473057625588ce126088e50d05493"},
    {file = "coverage-7.5.2-cp311-cp311-musllinux_1_1_i686.whl", hash = "sha256:431a3917e32223fcdb90b79fe60185864a9109631ebc05f6c5aa03781a00b513"},
    {file = "coverage-7.5.2-cp311-cp311-musllinux_1_1_x86_64.whl", hash = "sha256:a7c6574225f34ce45466f04751d957b5c5e6b69fca9351db017c9249786172ce"},
    {file = "coverage-7.5.2-cp311-cp311-win32.whl", hash = "sha256:2b144d142ec9987276aeff1326edbc0df8ba4afbd7232f0ca10ad57a115e95b6"},
    {file = "coverage-7.5.2-cp311-cp311-win_amd64.whl", hash = "sha256:900532713115ac58bc3491b9d2b52704a05ed408ba0918d57fd72c94bc47fba1"},
    {file = "coverage-7.5.2-cp312-cp312-macosx_10_9_x86_64.whl", hash = "sha256:9a42970ce74c88bdf144df11c52c5cf4ad610d860de87c0883385a1c9d9fa4ab"},
    {file = "coverage-7.5.2-cp312-cp312-macosx_11_0_arm64.whl", hash = "sha256:26716a1118c6ce2188283b4b60a898c3be29b480acbd0a91446ced4fe4e780d8"},
    {file = "coverage-7.5.2-cp312-cp312-manylinux_2_17_aarch64.manylinux2014_aarch64.whl", hash = "sha256:60b66b0363c5a2a79fba3d1cd7430c25bbd92c923d031cae906bdcb6e054d9a2"},
    {file = "coverage-7.5.2-cp312-cp312-manylinux_2_5_i686.manylinux1_i686.manylinux_2_17_i686.manylinux2014_i686.whl", hash = "sha256:e5d22eba19273b2069e4efeff88c897a26bdc64633cbe0357a198f92dca94268"},
    {file = "coverage-7.5.2-cp312-cp312-manylinux_2_5_x86_64.manylinux1_x86_64.manylinux_2_17_x86_64.manylinux2014_x86_64.whl", hash = "sha256:3bb5b92a0ab3d22dfdbfe845e2fef92717b067bdf41a5b68c7e3e857c0cff1a4"},
    {file = "coverage-7.5.2-cp312-cp312-musllinux_1_1_aarch64.whl", hash = "sha256:1aef719b6559b521ae913ddeb38f5048c6d1a3d366865e8b320270b7bc4693c2"},
    {file = "coverage-7.5.2-cp312-cp312-musllinux_1_1_i686.whl", hash = "sha256:8809c0ea0e8454f756e3bd5c36d04dddf222989216788a25bfd6724bfcee342c"},
    {file = "coverage-7.5.2-cp312-cp312-musllinux_1_1_x86_64.whl", hash = "sha256:1acc2e2ef098a1d4bf535758085f508097316d738101a97c3f996bccba963ea5"},
    {file = "coverage-7.5.2-cp312-cp312-win32.whl", hash = "sha256:97de509043d3f0f2b2cd171bdccf408f175c7f7a99d36d566b1ae4dd84107985"},
    {file = "coverage-7.5.2-cp312-cp312-win_amd64.whl", hash = "sha256:8941e35a0e991a7a20a1fa3e3182f82abe357211f2c335a9e6007067c3392fcf"},
    {file = "coverage-7.5.2-cp38-cp38-macosx_10_9_x86_64.whl", hash = "sha256:5662bf0f6fb6757f5c2d6279c541a5af55a39772c2362ed0920b27e3ce0e21f7"},
    {file = "coverage-7.5.2-cp38-cp38-macosx_11_0_arm64.whl", hash = "sha256:3d9c62cff2ffb4c2a95328488fd7aa96a7a4b34873150650fe76b19c08c9c792"},
    {file = "coverage-7.5.2-cp38-cp38-manylinux_2_17_aarch64.manylinux2014_aarch64.whl", hash = "sha256:74eeaa13e8200ad72fca9c5f37395fb310915cec6f1682b21375e84fd9770e84"},
    {file = "coverage-7.5.2-cp38-cp38-manylinux_2_5_i686.manylinux1_i686.manylinux_2_17_i686.manylinux2014_i686.whl", hash = "sha256:1f29bf497d51a5077994b265e976d78b09d9d0dff6ca5763dbb4804534a5d380"},
    {file = "coverage-7.5.2-cp38-cp38-manylinux_2_5_x86_64.manylinux1_x86_64.manylinux_2_17_x86_64.manylinux2014_x86_64.whl", hash = "sha256:1f96aa94739593ae0707eda9813ce363a0a0374a810ae0eced383340fc4a1f73"},
    {file = "coverage-7.5.2-cp38-cp38-musllinux_1_1_aarch64.whl", hash = "sha256:51b6cee539168a912b4b3b040e4042b9e2c9a7ad9c8546c09e4eaeff3eacba6b"},
    {file = "coverage-7.5.2-cp38-cp38-musllinux_1_1_i686.whl", hash = "sha256:59a75e6aa5c25b50b5a1499f9718f2edff54257f545718c4fb100f48d570ead4"},
    {file = "coverage-7.5.2-cp38-cp38-musllinux_1_1_x86_64.whl", hash = "sha256:29da75ce20cb0a26d60e22658dd3230713c6c05a3465dd8ad040ffc991aea318"},
    {file = "coverage-7.5.2-cp38-cp38-win32.whl", hash = "sha256:23f2f16958b16152b43a39a5ecf4705757ddd284b3b17a77da3a62aef9c057ef"},
    {file = "coverage-7.5.2-cp38-cp38-win_amd64.whl", hash = "sha256:9e41c94035e5cdb362beed681b58a707e8dc29ea446ea1713d92afeded9d1ddd"},
    {file = "coverage-7.5.2-cp39-cp39-macosx_10_9_x86_64.whl", hash = "sha256:06d96b9b19bbe7f049c2be3c4f9e06737ec6d8ef8933c7c3a4c557ef07936e46"},
    {file = "coverage-7.5.2-cp39-cp39-macosx_11_0_arm64.whl", hash = "sha256:878243e1206828908a6b4a9ca7b1aa8bee9eb129bf7186fc381d2646f4524ce9"},
    {file = "coverage-7.5.2-cp39-cp39-manylinux_2_17_aarch64.manylinux2014_aarch64.whl", hash = "sha256:482df956b055d3009d10fce81af6ffab28215d7ed6ad4a15e5c8e67cb7c5251c"},
    {file = "coverage-7.5.2-cp39-cp39-manylinux_2_5_i686.manylinux1_i686.manylinux_2_17_i686.manylinux2014_i686.whl", hash = "sha256:a35c97af60a5492e9e89f8b7153fe24eadfd61cb3a2fb600df1a25b5dab34b7e"},
    {file = "coverage-7.5.2-cp39-cp39-manylinux_2_5_x86_64.manylinux1_x86_64.manylinux_2_17_x86_64.manylinux2014_x86_64.whl", hash = "sha256:24bb4c7859a3f757a116521d4d3a8a82befad56ea1bdacd17d6aafd113b0071e"},
    {file = "coverage-7.5.2-cp39-cp39-musllinux_1_1_aarch64.whl", hash = "sha256:e1046aab24c48c694f0793f669ac49ea68acde6a0798ac5388abe0a5615b5ec8"},
    {file = "coverage-7.5.2-cp39-cp39-musllinux_1_1_i686.whl", hash = "sha256:448ec61ea9ea7916d5579939362509145caaecf03161f6f13e366aebb692a631"},
    {file = "coverage-7.5.2-cp39-cp39-musllinux_1_1_x86_64.whl", hash = "sha256:4a00bd5ba8f1a4114720bef283cf31583d6cb1c510ce890a6da6c4268f0070b7"},
    {file = "coverage-7.5.2-cp39-cp39-win32.whl", hash = "sha256:9f805481d5eff2a96bac4da1570ef662bf970f9a16580dc2c169c8c3183fa02b"},
    {file = "coverage-7.5.2-cp39-cp39-win_amd64.whl", hash = "sha256:2c79f058e7bec26b5295d53b8c39ecb623448c74ccc8378631f5cb5c16a7e02c"},
    {file = "coverage-7.5.2-pp38.pp39.pp310-none-any.whl", hash = "sha256:40dbb8e7727560fe8ab65efcddfec1ae25f30ef02e2f2e5d78cfb52a66781ec5"},
    {file = "coverage-7.5.2.tar.gz", hash = "sha256:13017a63b0e499c59b5ba94a8542fb62864ba3016127d1e4ef30d354fc2b00e9"},
]

[package.dependencies]
tomli = {version = "*", optional = true, markers = "python_full_version <= \"3.11.0a6\" and extra == \"toml\""}

[package.extras]
toml = ["tomli"]

[[package]]
name = "exceptiongroup"
version = "1.1.0"
description = "Backport of PEP 654 (exception groups)"
category = "dev"
optional = false
python-versions = ">=3.7"
files = [
    {file = "exceptiongroup-1.1.0-py3-none-any.whl", hash = "sha256:327cbda3da756e2de031a3107b81ab7b3770a602c4d16ca618298c526f4bec1e"},
    {file = "exceptiongroup-1.1.0.tar.gz", hash = "sha256:bcb67d800a4497e1b404c2dd44fca47d3b7a5e5433dbab67f96c1a685cdfdf23"},
]

[package.extras]
test = ["pytest (>=6)"]

[[package]]
name = "iniconfig"
version = "2.0.0"
description = "brain-dead simple config-ini parsing"
category = "dev"
optional = false
python-versions = ">=3.7"
files = [
    {file = "iniconfig-2.0.0-py3-none-any.whl", hash = "sha256:b6a85871a79d2e3b22d2d1b94ac2824226a63c6b741c88f7ae975f18b6778374"},
    {file = "iniconfig-2.0.0.tar.gz", hash = "sha256:2d91e135bf72d31a410b17c16da610a82cb55f6b0477d1a902134b24a455b8b3"},
]

[[package]]
name = "numpy"
version = "1.26.4"
description = "Fundamental package for array computing in Python"
category = "dev"
optional = false
python-versions = ">=3.9"
files = [
    {file = "numpy-1.26.4-cp310-cp310-macosx_10_9_x86_64.whl", hash = "sha256:9ff0f4f29c51e2803569d7a51c2304de5554655a60c5d776e35b4a41413830d0"},
    {file = "numpy-1.26.4-cp310-cp310-macosx_11_0_arm64.whl", hash = "sha256:2e4ee3380d6de9c9ec04745830fd9e2eccb3e6cf790d39d7b98ffd19b0dd754a"},
    {file = "numpy-1.26.4-cp310-cp310-manylinux_2_17_aarch64.manylinux2014_aarch64.whl", hash = "sha256:d209d8969599b27ad20994c8e41936ee0964e6da07478d6c35016bc386b66ad4"},
    {file = "numpy-1.26.4-cp310-cp310-manylinux_2_17_x86_64.manylinux2014_x86_64.whl", hash = "sha256:ffa75af20b44f8dba823498024771d5ac50620e6915abac414251bd971b4529f"},
    {file = "numpy-1.26.4-cp310-cp310-musllinux_1_1_aarch64.whl", hash = "sha256:62b8e4b1e28009ef2846b4c7852046736bab361f7aeadeb6a5b89ebec3c7055a"},
    {file = "numpy-1.26.4-cp310-cp310-musllinux_1_1_x86_64.whl", hash = "sha256:a4abb4f9001ad2858e7ac189089c42178fcce737e4169dc61321660f1a96c7d2"},
    {file = "numpy-1.26.4-cp310-cp310-win32.whl", hash = "sha256:bfe25acf8b437eb2a8b2d49d443800a5f18508cd811fea3181723922a8a82b07"},
    {file = "numpy-1.26.4-cp310-cp310-win_amd64.whl", hash = "sha256:b97fe8060236edf3662adfc2c633f56a08ae30560c56310562cb4f95500022d5"},
    {file = "numpy-1.26.4-cp311-cp311-macosx_10_9_x86_64.whl", hash = "sha256:4c66707fabe114439db9068ee468c26bbdf909cac0fb58686a42a24de1760c71"},
    {file = "numpy-1.26.4-cp311-cp311-macosx_11_0_arm64.whl", hash = "sha256:edd8b5fe47dab091176d21bb6de568acdd906d1887a4584a15a9a96a1dca06ef"},
    {file = "numpy-1.26.4-cp311-cp311-manylinux_2_17_aarch64.manylinux2014_aarch64.whl", hash = "sha256:7ab55401287bfec946ced39700c053796e7cc0e3acbef09993a9ad2adba6ca6e"},
    {file = "numpy-1.26.4-cp311-cp311-manylinux_2_17_x86_64.manylinux2014_x86_64.whl", hash = "sha256:666dbfb6ec68962c033a450943ded891bed2d54e6755e35e5835d63f4f6931d5"},
    {file = "numpy-1.26.4-cp311-cp311-musllinux_1_1_aarch64.whl", hash = "sha256:96ff0b2ad353d8f990b63294c8986f1ec3cb19d749234014f4e7eb0112ceba5a"},
    {file = "numpy-1.26.4-cp311-cp311-musllinux_1_1_x86_64.whl", hash = "sha256:60dedbb91afcbfdc9bc0b1f3f402804070deed7392c23eb7a7f07fa857868e8a"},
    {file = "numpy-1.26.4-cp311-cp311-win32.whl", hash = "sha256:1af303d6b2210eb850fcf03064d364652b7120803a0b872f5211f5234b399f20"},
    {file = "numpy-1.26.4-cp311-cp311-win_amd64.whl", hash = "sha256:cd25bcecc4974d09257ffcd1f098ee778f7834c3ad767fe5db785be9a4aa9cb2"},
    {file = "numpy-1.26.4-cp312-cp312-macosx_10_9_x86_64.whl", hash = "sha256:b3ce300f3644fb06443ee2222c2201dd3a89ea6040541412b8fa189341847218"},
    {file = "numpy-1.26.4-cp312-cp312-macosx_11_0_arm64.whl", hash = "sha256:03a8c78d01d9781b28a6989f6fa1bb2c4f2d51201cf99d3dd875df6fbd96b23b"},
    {file = "numpy-1.26.4-cp312-cp312-manylinux_2_17_aarch64.manylinux2014_aarch64.whl", hash = "sha256:9fad7dcb1aac3c7f0584a5a8133e3a43eeb2fe127f47e3632d43d677c66c102b"},
    {file = "numpy-1.26.4-cp312-cp312-manylinux_2_17_x86_64.manylinux2014_x86_64.whl", hash = "sha256:675d61ffbfa78604709862923189bad94014bef562cc35cf61d3a07bba02a7ed"},
    {file = "numpy-1.26.4-cp312-cp312-musllinux_1_1_aarch64.whl", hash = "sha256:ab47dbe5cc8210f55aa58e4805fe224dac469cde56b9f731a4c098b91917159a"},
    {file = "numpy-1.26.4-cp312-cp312-musllinux_1_1_x86_64.whl", hash = "sha256:1dda2e7b4ec9dd512f84935c5f126c8bd8b9f2fc001e9f54af255e8c5f16b0e0"},
    {file = "numpy-1.26.4-cp312-cp312-win32.whl", hash = "sha256:50193e430acfc1346175fcbdaa28ffec49947a06918b7b92130744e81e640110"},
    {file = "numpy-1.26.4-cp312-cp312-win_amd64.whl", hash = "sha256:08beddf13648eb95f8d867350f6a018a4be2e5ad54c8d8caed89ebca558b2818"},
    {file = "numpy-1.26.4-cp39-cp39-macosx_10_9_x86_64.whl", hash = "sha256:7349ab0fa0c429c82442a27a9673fc802ffdb7c7775fad780226cb234965e53c"},
    {file = "numpy-1.26.4-cp39-cp39-macosx_11_0_arm64.whl", hash = "sha256:52b8b60467cd7dd1e9ed082188b4e6bb35aa5cdd01777621a1658910745b90be"},
    {file = "numpy-1.26.4-cp39-cp39-manylinux_2_17_aarch64.manylinux2014_aarch64.whl", hash = "sha256:d5241e0a80d808d70546c697135da2c613f30e28251ff8307eb72ba696945764"},
    {file = "numpy-1.26.4-cp39-cp39-manylinux_2_17_x86_64.manylinux2014_x86_64.whl", hash = "sha256:f870204a840a60da0b12273ef34f7051e98c3b5961b61b0c2c1be6dfd64fbcd3"},
    {file = "numpy-1.26.4-cp39-cp39-musllinux_1_1_aarch64.whl", hash = "sha256:679b0076f67ecc0138fd2ede3a8fd196dddc2ad3254069bcb9faf9a79b1cebcd"},
    {file = "numpy-1.26.4-cp39-cp39-musllinux_1_1_x86_64.whl", hash = "sha256:47711010ad8555514b434df65f7d7b076bb8261df1ca9bb78f53d3b2db02e95c"},
    {file = "numpy-1.26.4-cp39-cp39-win32.whl", hash = "sha256:a354325ee03388678242a4d7ebcd08b5c727033fcff3b2f536aea978e15ee9e6"},
    {file = "numpy-1.26.4-cp39-cp39-win_amd64.whl", hash = "sha256:3373d5d70a5fe74a2c1bb6d2cfd9609ecf686d47a2d7b1d37a8f3b6bf6003aea"},
    {file = "numpy-1.26.4-pp39-pypy39_pp73-macosx_10_9_x86_64.whl", hash = "sha256:afedb719a9dcfc7eaf2287b839d8198e06dcd4cb5d276a3df279231138e83d30"},
    {file = "numpy-1.26.4-pp39-pypy39_pp73-manylinux_2_17_x86_64.manylinux2014_x86_64.whl", hash = "sha256:95a7476c59002f2f6c590b9b7b998306fba6a5aa646b1e22ddfeaf8f78c3a29c"},
    {file = "numpy-1.26.4-pp39-pypy39_pp73-win_amd64.whl", hash = "sha256:7e50d0a0cc3189f9cb0aeb3a6a6af18c16f59f004b866cd2be1c14b36134a4a0"},
    {file = "numpy-1.26.4.tar.gz", hash = "sha256:2a02aba9ed12e4ac4eb3ea9421c420301a0c6460d9830d74a9df87efa4912010"},
]

[[package]]
name = "packaging"
version = "23.0"
description = "Core utilities for Python packages"
category = "dev"
optional = false
python-versions = ">=3.7"
files = [
    {file = "packaging-23.0-py3-none-any.whl", hash = "sha256:714ac14496c3e68c99c29b00845f7a2b85f3bb6f1078fd9f72fd20f0570002b2"},
    {file = "packaging-23.0.tar.gz", hash = "sha256:b6ad297f8907de0fa2fe1ccbd26fdaf387f5f47c7275fedf8cce89f99446cf97"},
]

[[package]]
name = "pandas"
version = "2.2.2"
description = "Powerful data structures for data analysis, time series, and statistics"
category = "dev"
optional = false
python-versions = ">=3.9"
files = [
    {file = "pandas-2.2.2-cp310-cp310-macosx_10_9_x86_64.whl", hash = "sha256:90c6fca2acf139569e74e8781709dccb6fe25940488755716d1d354d6bc58bce"},
    {file = "pandas-2.2.2-cp310-cp310-macosx_11_0_arm64.whl", hash = "sha256:c7adfc142dac335d8c1e0dcbd37eb8617eac386596eb9e1a1b77791cf2498238"},
    {file = "pandas-2.2.2-cp310-cp310-manylinux_2_17_aarch64.manylinux2014_aarch64.whl", hash = "sha256:4abfe0be0d7221be4f12552995e58723c7422c80a659da13ca382697de830c08"},
    {file = "pandas-2.2.2-cp310-cp310-manylinux_2_17_x86_64.manylinux2014_x86_64.whl", hash = "sha256:8635c16bf3d99040fdf3ca3db669a7250ddf49c55dc4aa8fe0ae0fa8d6dcc1f0"},
    {file = "pandas-2.2.2-cp310-cp310-musllinux_1_1_aarch64.whl", hash = "sha256:40ae1dffb3967a52203105a077415a86044a2bea011b5f321c6aa64b379a3f51"},
    {file = "pandas-2.2.2-cp310-cp310-musllinux_1_1_x86_64.whl", hash = "sha256:8e5a0b00e1e56a842f922e7fae8ae4077aee4af0acb5ae3622bd4b4c30aedf99"},
    {file = "pandas-2.2.2-cp310-cp310-win_amd64.whl", hash = "sha256:ddf818e4e6c7c6f4f7c8a12709696d193976b591cc7dc50588d3d1a6b5dc8772"},
    {file = "pandas-2.2.2-cp311-cp311-macosx_10_9_x86_64.whl", hash = "sha256:696039430f7a562b74fa45f540aca068ea85fa34c244d0deee539cb6d70aa288"},
    {file = "pandas-2.2.2-cp311-cp311-macosx_11_0_arm64.whl", hash = "sha256:8e90497254aacacbc4ea6ae5e7a8cd75629d6ad2b30025a4a8b09aa4faf55151"},
    {file = "pandas-2.2.2-cp311-cp311-manylinux_2_17_aarch64.manylinux2014_aarch64.whl", hash = "sha256:58b84b91b0b9f4bafac2a0ac55002280c094dfc6402402332c0913a59654ab2b"},
    {file = "pandas-2.2.2-cp311-cp311-manylinux_2_17_x86_64.manylinux2014_x86_64.whl", hash = "sha256:6d2123dc9ad6a814bcdea0f099885276b31b24f7edf40f6cdbc0912672e22eee"},
    {file = "pandas-2.2.2-cp311-cp311-musllinux_1_1_aarch64.whl", hash = "sha256:2925720037f06e89af896c70bca73459d7e6a4be96f9de79e2d440bd499fe0db"},
    {file = "pandas-2.2.2-cp311-cp311-musllinux_1_1_x86_64.whl", hash = "sha256:0cace394b6ea70c01ca1595f839cf193df35d1575986e484ad35c4aeae7266c1"},
    {file = "pandas-2.2.2-cp311-cp311-win_amd64.whl", hash = "sha256:873d13d177501a28b2756375d59816c365e42ed8417b41665f346289adc68d24"},
    {file = "pandas-2.2.2-cp312-cp312-macosx_10_9_x86_64.whl", hash = "sha256:9dfde2a0ddef507a631dc9dc4af6a9489d5e2e740e226ad426a05cabfbd7c8ef"},
    {file = "pandas-2.2.2-cp312-cp312-macosx_11_0_arm64.whl", hash = "sha256:e9b79011ff7a0f4b1d6da6a61aa1aa604fb312d6647de5bad20013682d1429ce"},
    {file = "pandas-2.2.2-cp312-cp312-manylinux_2_17_aarch64.manylinux2014_aarch64.whl", hash = "sha256:1cb51fe389360f3b5a4d57dbd2848a5f033350336ca3b340d1c53a1fad33bcad"},
    {file = "pandas-2.2.2-cp312-cp312-manylinux_2_17_x86_64.manylinux2014_x86_64.whl", hash = "sha256:eee3a87076c0756de40b05c5e9a6069c035ba43e8dd71c379e68cab2c20f16ad"},
    {file = "pandas-2.2.2-cp312-cp312-musllinux_1_1_aarch64.whl", hash = "sha256:3e374f59e440d4ab45ca2fffde54b81ac3834cf5ae2cdfa69c90bc03bde04d76"},
    {file = "pandas-2.2.2-cp312-cp312-musllinux_1_1_x86_64.whl", hash = "sha256:43498c0bdb43d55cb162cdc8c06fac328ccb5d2eabe3cadeb3529ae6f0517c32"},
    {file = "pandas-2.2.2-cp312-cp312-win_amd64.whl", hash = "sha256:d187d355ecec3629624fccb01d104da7d7f391db0311145817525281e2804d23"},
    {file = "pandas-2.2.2-cp39-cp39-macosx_10_9_x86_64.whl", hash = "sha256:0ca6377b8fca51815f382bd0b697a0814c8bda55115678cbc94c30aacbb6eff2"},
    {file = "pandas-2.2.2-cp39-cp39-macosx_11_0_arm64.whl", hash = "sha256:9057e6aa78a584bc93a13f0a9bf7e753a5e9770a30b4d758b8d5f2a62a9433cd"},
    {file = "pandas-2.2.2-cp39-cp39-manylinux_2_17_aarch64.manylinux2014_aarch64.whl", hash = "sha256:001910ad31abc7bf06f49dcc903755d2f7f3a9186c0c040b827e522e9cef0863"},
    {file = "pandas-2.2.2-cp39-cp39-manylinux_2_17_x86_64.manylinux2014_x86_64.whl", hash = "sha256:66b479b0bd07204e37583c191535505410daa8df638fd8e75ae1b383851fe921"},
    {file = "pandas-2.2.2-cp39-cp39-musllinux_1_1_aarch64.whl", hash = "sha256:a77e9d1c386196879aa5eb712e77461aaee433e54c68cf253053a73b7e49c33a"},
    {file = "pandas-2.2.2-cp39-cp39-musllinux_1_1_x86_64.whl", hash = "sha256:92fd6b027924a7e178ac202cfbe25e53368db90d56872d20ffae94b96c7acc57"},
    {file = "pandas-2.2.2-cp39-cp39-win_amd64.whl", hash = "sha256:640cef9aa381b60e296db324337a554aeeb883ead99dc8f6c18e81a93942f5f4"},
    {file = "pandas-2.2.2.tar.gz", hash = "sha256:9e79019aba43cb4fda9e4d983f8e88ca0373adbb697ae9c6c43093218de28b54"},
]

[package.dependencies]
numpy = [
    {version = ">=1.22.4", markers = "python_version < \"3.11\""},
    {version = ">=1.23.2", markers = "python_version == \"3.11\""},
    {version = ">=1.26.0", markers = "python_version >= \"3.12\""},
]
python-dateutil = ">=2.8.2"
pytz = ">=2020.1"
tzdata = ">=2022.7"

[package.extras]
all = ["PyQt5 (>=5.15.9)", "SQLAlchemy (>=2.0.0)", "adbc-driver-postgresql (>=0.8.0)", "adbc-driver-sqlite (>=0.8.0)", "beautifulsoup4 (>=4.11.2)", "bottleneck (>=1.3.6)", "dataframe-api-compat (>=0.1.7)", "fastparquet (>=2022.12.0)", "fsspec (>=2022.11.0)", "gcsfs (>=2022.11.0)", "html5lib (>=1.1)", "hypothesis (>=6.46.1)", "jinja2 (>=3.1.2)", "lxml (>=4.9.2)", "matplotlib (>=3.6.3)", "numba (>=0.56.4)", "numexpr (>=2.8.4)", "odfpy (>=1.4.1)", "openpyxl (>=3.1.0)", "pandas-gbq (>=0.19.0)", "psycopg2 (>=2.9.6)", "pyarrow (>=10.0.1)", "pymysql (>=1.0.2)", "pyreadstat (>=1.2.0)", "pytest (>=7.3.2)", "pytest-xdist (>=2.2.0)", "python-calamine (>=0.1.7)", "pyxlsb (>=1.0.10)", "qtpy (>=2.3.0)", "s3fs (>=2022.11.0)", "scipy (>=1.10.0)", "tables (>=3.8.0)", "tabulate (>=0.9.0)", "xarray (>=2022.12.0)", "xlrd (>=2.0.1)", "xlsxwriter (>=3.0.5)", "zstandard (>=0.19.0)"]
aws = ["s3fs (>=2022.11.0)"]
clipboard = ["PyQt5 (>=5.15.9)", "qtpy (>=2.3.0)"]
compression = ["zstandard (>=0.19.0)"]
computation = ["scipy (>=1.10.0)", "xarray (>=2022.12.0)"]
consortium-standard = ["dataframe-api-compat (>=0.1.7)"]
excel = ["odfpy (>=1.4.1)", "openpyxl (>=3.1.0)", "python-calamine (>=0.1.7)", "pyxlsb (>=1.0.10)", "xlrd (>=2.0.1)", "xlsxwriter (>=3.0.5)"]
feather = ["pyarrow (>=10.0.1)"]
fss = ["fsspec (>=2022.11.0)"]
gcp = ["gcsfs (>=2022.11.0)", "pandas-gbq (>=0.19.0)"]
hdf5 = ["tables (>=3.8.0)"]
html = ["beautifulsoup4 (>=4.11.2)", "html5lib (>=1.1)", "lxml (>=4.9.2)"]
mysql = ["SQLAlchemy (>=2.0.0)", "pymysql (>=1.0.2)"]
output-formatting = ["jinja2 (>=3.1.2)", "tabulate (>=0.9.0)"]
parquet = ["pyarrow (>=10.0.1)"]
performance = ["bottleneck (>=1.3.6)", "numba (>=0.56.4)", "numexpr (>=2.8.4)"]
plot = ["matplotlib (>=3.6.3)"]
postgresql = ["SQLAlchemy (>=2.0.0)", "adbc-driver-postgresql (>=0.8.0)", "psycopg2 (>=2.9.6)"]
pyarrow = ["pyarrow (>=10.0.1)"]
spss = ["pyreadstat (>=1.2.0)"]
sql-other = ["SQLAlchemy (>=2.0.0)", "adbc-driver-postgresql (>=0.8.0)", "adbc-driver-sqlite (>=0.8.0)"]
test = ["hypothesis (>=6.46.1)", "pytest (>=7.3.2)", "pytest-xdist (>=2.2.0)"]
xml = ["lxml (>=4.9.2)"]

[[package]]
name = "pluggy"
version = "1.5.0"
description = "plugin and hook calling mechanisms for python"
category = "dev"
optional = false
python-versions = ">=3.8"
files = [
    {file = "pluggy-1.5.0-py3-none-any.whl", hash = "sha256:44e1ad92c8ca002de6377e165f3e0f1be63266ab4d554740532335b9d75ea669"},
    {file = "pluggy-1.5.0.tar.gz", hash = "sha256:2cffa88e94fdc978c4c574f15f9e59b7f4201d439195c3715ca9e2486f1d0cf1"},
]

[package.extras]
dev = ["pre-commit", "tox"]
testing = ["pytest", "pytest-benchmark"]

[[package]]
name = "pytest"
version = "7.2.1"
description = "pytest: simple powerful testing with Python"
category = "dev"
optional = false
python-versions = ">=3.7"
files = [
    {file = "pytest-7.2.1-py3-none-any.whl", hash = "sha256:c7c6ca206e93355074ae32f7403e8ea12163b1163c976fee7d4d84027c162be5"},
    {file = "pytest-7.2.1.tar.gz", hash = "sha256:d45e0952f3727241918b8fd0f376f5ff6b301cc0777c6f9a556935c92d8a7d42"},
]

[package.dependencies]
attrs = ">=19.2.0"
colorama = {version = "*", markers = "sys_platform == \"win32\""}
exceptiongroup = {version = ">=1.0.0rc8", markers = "python_version < \"3.11\""}
iniconfig = "*"
packaging = "*"
pluggy = ">=0.12,<2.0"
tomli = {version = ">=1.0.0", markers = "python_version < \"3.11\""}

[package.extras]
testing = ["argcomplete", "hypothesis (>=3.56)", "mock", "nose", "pygments (>=2.7.2)", "requests", "xmlschema"]

[[package]]
name = "pytest-cov"
version = "5.0.0"
description = "Pytest plugin for measuring coverage."
category = "dev"
optional = false
python-versions = ">=3.8"
files = [
    {file = "pytest-cov-5.0.0.tar.gz", hash = "sha256:5837b58e9f6ebd335b0f8060eecce69b662415b16dc503883a02f45dfeb14857"},
    {file = "pytest_cov-5.0.0-py3-none-any.whl", hash = "sha256:4f0764a1219df53214206bf1feea4633c3b558a2925c8b59f144f682861ce652"},
]

[package.dependencies]
coverage = {version = ">=5.2.1", extras = ["toml"]}
pytest = ">=4.6"

[package.extras]
testing = ["fields", "hunter", "process-tests", "pytest-xdist", "virtualenv"]

[[package]]
name = "pytest-mock"
version = "3.14.0"
description = "Thin-wrapper around the mock package for easier use with pytest"
category = "dev"
optional = false
python-versions = ">=3.8"
files = [
    {file = "pytest-mock-3.14.0.tar.gz", hash = "sha256:2719255a1efeceadbc056d6bf3df3d1c5015530fb40cf347c0f9afac88410bd0"},
    {file = "pytest_mock-3.14.0-py3-none-any.whl", hash = "sha256:0b72c38033392a5f4621342fe11e9219ac11ec9d375f8e2a0c164539e0d70f6f"},
]

[package.dependencies]
pytest = ">=6.2.5"

[package.extras]
dev = ["pre-commit", "pytest-asyncio", "tox"]

[[package]]
name = "pytest-qgis"
version = "2.0.0"
description = "A pytest plugin for testing QGIS python plugins"
category = "dev"
optional = false
python-versions = ">=3.7"
files = [
    {file = "pytest-qgis-2.0.0.tar.gz", hash = "sha256:1a801dfa85a339c36a1a3ffac1c4224d5a05e9acd77aa50782a4ea6e50fd38c9"},
    {file = "pytest_qgis-2.0.0-py3-none-any.whl", hash = "sha256:b09f374f593292e09f45dc5a8c8e40b83e8d8d80f32f64a6482d21626b465086"},
]

[package.dependencies]
pytest = ">=6.0"

[[package]]
name = "pytest-qt"
version = "4.4.0"
description = "pytest support for PyQt and PySide applications"
category = "dev"
optional = false
python-versions = ">=3.8"
files = [
    {file = "pytest-qt-4.4.0.tar.gz", hash = "sha256:76896142a940a4285339008d6928a36d4be74afec7e634577e842c9cc5c56844"},
    {file = "pytest_qt-4.4.0-py3-none-any.whl", hash = "sha256:001ed2f8641764b394cf286dc8a4203e40eaf9fff75bf0bfe5103f7f8d0c591d"},
]

[package.dependencies]
pluggy = ">=1.1"
pytest = "*"

[package.extras]
dev = ["pre-commit", "tox"]
doc = ["sphinx", "sphinx-rtd-theme"]

[[package]]
name = "python-dateutil"
version = "2.9.0.post0"
description = "Extensions to the standard Python datetime module"
category = "dev"
optional = false
python-versions = "!=3.0.*,!=3.1.*,!=3.2.*,>=2.7"
files = [
    {file = "python-dateutil-2.9.0.post0.tar.gz", hash = "sha256:37dd54208da7e1cd875388217d5e00ebd4179249f90fb72437e91a35459a0ad3"},
    {file = "python_dateutil-2.9.0.post0-py2.py3-none-any.whl", hash = "sha256:a8b2bc7bffae282281c8140a97d3aa9c14da0b136dfe83f850eea9a5f7470427"},
]

[package.dependencies]
six = ">=1.5"

[[package]]
name = "pytz"
version = "2024.1"
description = "World timezone definitions, modern and historical"
category = "dev"
optional = false
python-versions = "*"
files = [
    {file = "pytz-2024.1-py2.py3-none-any.whl", hash = "sha256:328171f4e3623139da4983451950b28e95ac706e13f3f2630a879749e7a8b319"},
    {file = "pytz-2024.1.tar.gz", hash = "sha256:2a29735ea9c18baf14b448846bde5a48030ed267578472d8955cd0e7443a9812"},
]

[[package]]
name = "ruff"
version = "0.4.3"
description = "An extremely fast Python linter and code formatter, written in Rust."
category = "dev"
optional = false
python-versions = ">=3.7"
files = [
    {file = "ruff-0.4.3-py3-none-macosx_10_12_x86_64.whl", hash = "sha256:b70800c290f14ae6fcbb41bbe201cf62dfca024d124a1f373e76371a007454ce"},
    {file = "ruff-0.4.3-py3-none-macosx_11_0_arm64.whl", hash = "sha256:08a0d6a22918ab2552ace96adeaca308833873a4d7d1d587bb1d37bae8728eb3"},
    {file = "ruff-0.4.3-py3-none-manylinux_2_17_aarch64.manylinux2014_aarch64.whl", hash = "sha256:eba1f14df3c758dd7de5b55fbae7e1c8af238597961e5fb628f3de446c3c40c5"},
    {file = "ruff-0.4.3-py3-none-manylinux_2_17_armv7l.manylinux2014_armv7l.whl", hash = "sha256:819fb06d535cc76dfddbfe8d3068ff602ddeb40e3eacbc90e0d1272bb8d97113"},
    {file = "ruff-0.4.3-py3-none-manylinux_2_17_i686.manylinux2014_i686.whl", hash = "sha256:0bfc9e955e6dc6359eb6f82ea150c4f4e82b660e5b58d9a20a0e42ec3bb6342b"},
    {file = "ruff-0.4.3-py3-none-manylinux_2_17_ppc64.manylinux2014_ppc64.whl", hash = "sha256:510a67d232d2ebe983fddea324dbf9d69b71c4d2dfeb8a862f4a127536dd4cfb"},
    {file = "ruff-0.4.3-py3-none-manylinux_2_17_ppc64le.manylinux2014_ppc64le.whl", hash = "sha256:dc9ff11cd9a092ee7680a56d21f302bdda14327772cd870d806610a3503d001f"},
    {file = "ruff-0.4.3-py3-none-manylinux_2_17_s390x.manylinux2014_s390x.whl", hash = "sha256:29efff25bf9ee685c2c8390563a5b5c006a3fee5230d28ea39f4f75f9d0b6f2f"},
    {file = "ruff-0.4.3-py3-none-manylinux_2_17_x86_64.manylinux2014_x86_64.whl", hash = "sha256:18b00e0bcccf0fc8d7186ed21e311dffd19761cb632241a6e4fe4477cc80ef6e"},
    {file = "ruff-0.4.3-py3-none-musllinux_1_2_aarch64.whl", hash = "sha256:262f5635e2c74d80b7507fbc2fac28fe0d4fef26373bbc62039526f7722bca1b"},
    {file = "ruff-0.4.3-py3-none-musllinux_1_2_armv7l.whl", hash = "sha256:7363691198719c26459e08cc17c6a3dac6f592e9ea3d2fa772f4e561b5fe82a3"},
    {file = "ruff-0.4.3-py3-none-musllinux_1_2_i686.whl", hash = "sha256:eeb039f8428fcb6725bb63cbae92ad67b0559e68b5d80f840f11914afd8ddf7f"},
    {file = "ruff-0.4.3-py3-none-musllinux_1_2_x86_64.whl", hash = "sha256:927b11c1e4d0727ce1a729eace61cee88a334623ec424c0b1c8fe3e5f9d3c865"},
    {file = "ruff-0.4.3-py3-none-win32.whl", hash = "sha256:25cacda2155778beb0d064e0ec5a3944dcca9c12715f7c4634fd9d93ac33fd30"},
    {file = "ruff-0.4.3-py3-none-win_amd64.whl", hash = "sha256:7a1c3a450bc6539ef00da6c819fb1b76b6b065dec585f91456e7c0d6a0bbc725"},
    {file = "ruff-0.4.3-py3-none-win_arm64.whl", hash = "sha256:71ca5f8ccf1121b95a59649482470c5601c60a416bf189d553955b0338e34614"},
    {file = "ruff-0.4.3.tar.gz", hash = "sha256:ff0a3ef2e3c4b6d133fbedcf9586abfbe38d076041f2dc18ffb2c7e0485d5a07"},
]

[[package]]
name = "six"
version = "1.16.0"
description = "Python 2 and 3 compatibility utilities"
category = "dev"
optional = false
python-versions = ">=2.7, !=3.0.*, !=3.1.*, !=3.2.*"
files = [
    {file = "six-1.16.0-py2.py3-none-any.whl", hash = "sha256:8abb2f1d86890a2dfb989f9a77cfcfd3e47c2a354b01111771326f8aa26e0254"},
    {file = "six-1.16.0.tar.gz", hash = "sha256:1e61c37477a1626458e36f7b1d82aa5c9b094fa4802892072e49de9c60c4c926"},
]

[[package]]
name = "tomli"
version = "2.0.1"
description = "A lil' TOML parser"
category = "dev"
optional = false
python-versions = ">=3.7"
files = [
    {file = "tomli-2.0.1-py3-none-any.whl", hash = "sha256:939de3e7a6161af0c887ef91b7d41a53e7c5a1ca976325f429cb46ea9bc30ecc"},
    {file = "tomli-2.0.1.tar.gz", hash = "sha256:de526c12914f0c550d15924c62d72abc48d6fe7364aa87328337a31007fe8a4f"},
]

[[package]]
name = "tzdata"
version = "2024.1"
description = "Provider of IANA time zone data"
category = "dev"
optional = false
python-versions = ">=2"
files = [
    {file = "tzdata-2024.1-py2.py3-none-any.whl", hash = "sha256:9068bc196136463f5245e51efda838afa15aaeca9903f49050dfa2679db4d252"},
    {file = "tzdata-2024.1.tar.gz", hash = "sha256:2674120f8d891909751c38abcdfd386ac0a5a1127954fbc332af6b5ceae07efd"},
]

[metadata]
lock-version = "2.0"
python-versions = "^3.9"
content-hash = "1390d9a37044c5d0e692ab25f6557e7834afbc0da043f94fe62b19917f61911f"
